
Microsoft Visual Studio Solution File, Format Version 12.00
# Visual Studio Version 17
VisualStudioVersion = 17.8.34330.188
MinimumVisualStudioVersion = 10.0.40219.1
Project("{FAE04EC0-301F-11D3-BF4B-00C04F79EFBC}") = "Text Parsing", "Text Parsing\Text Parsing.csproj", "{DEE8697F-EBB9-4B23-99F9-559F964F52D0}"
EndProject
Global
	GlobalSection(SolutionConfigurationPlatforms) = preSolution
		Debug|Any CPU = Debug|Any CPU
		Release|Any CPU = Release|Any CPU
	EndGlobalSection
	GlobalSection(ProjectConfigurationPlatforms) = postSolution
		{DEE8697F-EBB9-4B23-99F9-559F964F52D0}.Debug|Any CPU.ActiveCfg = Debug|Any CPU
		{DEE8697F-EBB9-4B23-99F9-559F964F52D0}.Debug|Any CPU.Build.0 = Debug|Any CPU
		{DEE8697F-EBB9-4B23-99F9-559F964F52D0}.Release|Any CPU.ActiveCfg = Release|Any CPU
		{DEE8697F-EBB9-4B23-99F9-559F964F52D0}.Release|Any CPU.Build.0 = Release|Any CPU
	EndGlobalSection
	GlobalSection(SolutionProperties) = preSolution
		HideSolutionNode = FALSE
	EndGlobalSection
	GlobalSection(ExtensibilityGlobals) = postSolution
		SolutionGuid = {0677F259-664B-4725-9E3E-C4020642813B}
	EndGlobalSection
EndGlobal
